
Microsoft Visual Studio Solution File, Format Version 12.00
# Visual Studio Version 17
VisualStudioVersion = 17.11.35327.3
MinimumVisualStudioVersion = 10.0.40219.1
Project("{FAE04EC0-301F-11D3-BF4B-00C04F79EFBC}") = "P01_IntroToApi", "P01_IntroToApi\P01_IntroToApi.csproj", "{F298EEF3-5C89-45D1-BDA6-1B319AD73AF3}"
EndProject
Global
	GlobalSection(SolutionConfigurationPlatforms) = preSolution
		Debug|Any CPU = Debug|Any CPU
		Release|Any CPU = Release|Any CPU
	EndGlobalSection
	GlobalSection(ProjectConfigurationPlatforms) = postSolution
		{F298EEF3-5C89-45D1-BDA6-1B319AD73AF3}.Debug|Any CPU.ActiveCfg = Debug|Any CPU
		{F298EEF3-5C89-45D1-BDA6-1B319AD73AF3}.Debug|Any CPU.Build.0 = Debug|Any CPU
		{F298EEF3-5C89-45D1-BDA6-1B319AD73AF3}.Release|Any CPU.ActiveCfg = Release|Any CPU
		{F298EEF3-5C89-45D1-BDA6-1B319AD73AF3}.Release|Any CPU.Build.0 = Release|Any CPU
	EndGlobalSection
	GlobalSection(SolutionProperties) = preSolution
		HideSolutionNode = FALSE
	EndGlobalSection
	GlobalSection(ExtensibilityGlobals) = postSolution
		SolutionGuid = {10AEBEFA-EDF7-49DA-A3B5-F02317FE9CAE}
	EndGlobalSection
EndGlobal
